
Microsoft Visual Studio Solution File, Format Version 12.00
# Visual Studio Version 16
VisualStudioVersion = 16.0.29411.138
MinimumVisualStudioVersion = 10.0.40219.1
Project("{FAE04EC0-301F-11D3-BF4B-00C04F79EFBC}") = "SearchFunction", "SearchFunction\SearchFunction.csproj", "{5A29407A-E9DB-42DC-BF38-31FAF6EA8E5E}"
EndProject
Global
	GlobalSection(SolutionConfigurationPlatforms) = preSolution
		Debug|Any CPU = Debug|Any CPU
		Release|Any CPU = Release|Any CPU
	EndGlobalSection
	GlobalSection(ProjectConfigurationPlatforms) = postSolution
		{5A29407A-E9DB-42DC-BF38-31FAF6EA8E5E}.Debug|Any CPU.ActiveCfg = Debug|Any CPU
		{5A29407A-E9DB-42DC-BF38-31FAF6EA8E5E}.Debug|Any CPU.Build.0 = Debug|Any CPU
		{5A29407A-E9DB-42DC-BF38-31FAF6EA8E5E}.Release|Any CPU.ActiveCfg = Release|Any CPU
		{5A29407A-E9DB-42DC-BF38-31FAF6EA8E5E}.Release|Any CPU.Build.0 = Release|Any CPU
	EndGlobalSection
	GlobalSection(SolutionProperties) = preSolution
		HideSolutionNode = FALSE
	EndGlobalSection
	GlobalSection(ExtensibilityGlobals) = postSolution
		SolutionGuid = {062A5DA8-4F59-4AD8-BB52-D7E52A30E5F5}
	EndGlobalSection
EndGlobal
